{
  "requires": true,
  "lockfileVersion": 1,
  "dependencies": {
    "@nuxt/opencollective": {
      "version": "0.3.2",
      "resolved": "https://registry.npmjs.org/@nuxt/opencollective/-/opencollective-0.3.2.tgz",
      "integrity": "sha512-XG7rUdXG9fcafu9KTDIYjJSkRO38EwjlKYIb5TQ/0WDbiTUTtUtgncMscKOYzfsY86kGs05pAuMOR+3Fi0aN3A==",
      "requires": {
        "chalk": "^4.1.0",
        "consola": "^2.15.0",
        "node-fetch": "^2.6.1"
      }
    },
    "after": {
      "version": "0.8.2",
      "resolved": "https://registry.npmjs.org/after/-/after-0.8.2.tgz",
      "integrity": "sha1-/ts5T58OAqqXaOcCvaI7UF+ufh8="
    },
    "ansi-styles": {
      "version": "4.3.0",
      "resolved": "https://registry.npmjs.org/ansi-styles/-/ansi-styles-4.3.0.tgz",
      "integrity": "sha512-zbB9rCJAT1rbjiVDb2hqKFHNYLxgtk8NURxZ3IZwD3F6NtxbXZQCnnSi1Lkx+IDohdPlFp222wVALIheZJQSEg==",
      "requires": {
        "color-convert": "^2.0.1"
      }
    },
    "apexcharts": {
      "version": "3.30.0",
      "resolved": "https://registry.npmjs.org/apexcharts/-/apexcharts-3.30.0.tgz",
      "integrity": "sha512-NHhFjkd4sqoQqHi+ECN/duVCRvqVZMdXX/UBzCs1xriq8NbNLvs+nIM8OXH1Siv+W50FrK1uTDZrW2cLsKWhBQ==",
      "requires": {
        "svg.draggable.js": "^2.2.2",
        "svg.easing.js": "^2.0.0",
        "svg.filter.js": "^2.0.2",
        "svg.pathmorphing.js": "^0.1.3",
        "svg.resize.js": "^1.4.3",
        "svg.select.js": "^3.0.1"
      }
    },
    "arraybuffer.slice": {
      "version": "0.0.7",
      "resolved": "https://registry.npmjs.org/arraybuffer.slice/-/arraybuffer.slice-0.0.7.tgz",
      "integrity": "sha512-wGUIVQXuehL5TCqQun8OW81jGzAWycqzFF8lFp+GOM5BXLYj3bKNsYC4daB7n6XjCqxQA/qgTJ+8ANR3acjrog=="
    },
    "backo2": {
      "version": "1.0.2",
      "resolved": "https://registry.npmjs.org/backo2/-/backo2-1.0.2.tgz",
      "integrity": "sha1-MasayLEpNjRj41s+u2n038+6eUc="
    },
    "base64-arraybuffer": {
      "version": "0.1.4",
      "resolved": "https://registry.npmjs.org/base64-arraybuffer/-/base64-arraybuffer-0.1.4.tgz",
      "integrity": "sha1-mBjHngWbE1X5fgQooBfIOOkLqBI="
    },
    "blob": {
      "version": "0.0.5",
      "resolved": "https://registry.npmjs.org/blob/-/blob-0.0.5.tgz",
      "integrity": "sha512-gaqbzQPqOoamawKg0LGVd7SzLgXS+JH61oWprSLH+P+abTczqJbhTR8CmJ2u9/bUYNmHTGJx/UEmn6doAvvuig=="
    },
    "bootstrap": {
      "version": "5.1.3",
      "resolved": "https://registry.npmjs.org/bootstrap/-/bootstrap-5.1.3.tgz",
      "integrity": "sha512-fcQztozJ8jToQWXxVuEyXWW+dSo8AiXWKwiSSrKWsRB/Qt+Ewwza+JWoLKiTuQLaEPhdNAJ7+Dosc9DOIqNy7Q=="
    },
    "bootstrap-vue": {
      "version": "2.21.2",
      "resolved": "https://registry.npmjs.org/bootstrap-vue/-/bootstrap-vue-2.21.2.tgz",
      "integrity": "sha512-0Exe+4MZysqhZNXIKf4TzkvXaupxh9EHsoCRez0o5Dc0J7rlafayOEwql63qXv74CgZO8E4U8ugRNJko1vMvNw==",
      "requires": {
        "@nuxt/opencollective": "^0.3.2",
        "bootstrap": ">=4.5.3 <5.0.0",
        "popper.js": "^1.16.1",
        "portal-vue": "^2.1.7",
        "vue-functional-data-merge": "^3.1.0"
      },
      "dependencies": {
        "bootstrap": {
          "version": "4.6.1",
          "resolved": "https://registry.npmjs.org/bootstrap/-/bootstrap-4.6.1.tgz",
          "integrity": "sha512-0dj+VgI9Ecom+rvvpNZ4MUZJz8dcX7WCX+eTID9+/8HgOkv3dsRzi8BGeZJCQU6flWQVYxwTQnEZFrmJSEO7og=="
        }
      }
    },
    "chalk": {
      "version": "4.1.2",
      "resolved": "https://registry.npmjs.org/chalk/-/chalk-4.1.2.tgz",
      "integrity": "sha512-oKnbhFyRIXpUuez8iBMmyEa4nbj4IOQyuhc/wy9kY7/WVPcwIO9VA668Pu8RkO7+0G76SLROeyw9CpQ061i4mA==",
      "requires": {
        "ansi-styles": "^4.1.0",
        "supports-color": "^7.1.0"
      }
    },
    "color-convert": {
      "version": "2.0.1",
      "resolved": "https://registry.npmjs.org/color-convert/-/color-convert-2.0.1.tgz",
      "integrity": "sha512-RRECPsj7iu/xb5oKYcsFHSppFNnsj/52OVTRKb4zP5onXwVF3zVmmToNcOfGC+CRDpfK/U584fMg38ZHCaElKQ==",
      "requires": {
        "color-name": "~1.1.4"
      }
    },
    "color-name": {
      "version": "1.1.4",
      "resolved": "https://registry.npmjs.org/color-name/-/color-name-1.1.4.tgz",
      "integrity": "sha512-dOy+3AuW3a2wNbZHIuMZpTcgjGuLU/uBL/ubcZF9OXbDo8ff4O8yVp5Bf0efS8uEoYo5q4Fx7dY9OgQGXgAsQA=="
    },
    "component-bind": {
      "version": "1.0.0",
      "resolved": "https://registry.npmjs.org/component-bind/-/component-bind-1.0.0.tgz",
      "integrity": "sha1-AMYIq33Nk4l8AAllGx06jh5zu9E="
    },
    "component-emitter": {
      "version": "1.3.0",
      "resolved": "https://registry.npmjs.org/component-emitter/-/component-emitter-1.3.0.tgz",
      "integrity": "sha512-Rd3se6QB+sO1TwqZjscQrurpEPIfO0/yYnSin6Q/rD3mOutHvUrCAhJub3r90uNb+SESBuE0QYoB90YdfatsRg=="
    },
    "component-inherit": {
      "version": "0.0.3",
      "resolved": "https://registry.npmjs.org/component-inherit/-/component-inherit-0.0.3.tgz",
      "integrity": "sha1-ZF/ErfWLcrZJ1crmUTVhnbJv8UM="
    },
    "consola": {
      "version": "2.15.3",
      "resolved": "https://registry.npmjs.org/consola/-/consola-2.15.3.tgz",
      "integrity": "sha512-9vAdYbHj6x2fLKC4+oPH0kFzY/orMZyG2Aj+kNylHxKGJ/Ed4dpNyAQYwJOdqO4zdM7XpVHmyejQDcQHrnuXbw=="
    },
    "debug": {
      "version": "3.1.0",
      "resolved": "https://registry.npmjs.org/debug/-/debug-3.1.0.tgz",
      "integrity": "sha512-OX8XqP7/1a9cqkxYw2yXss15f26NKWBpDXQd0/uK/KPqdQhxbPa994hnzjcE2VqQpDslf55723cKPUOGSmMY3g==",
      "requires": {
        "ms": "2.0.0"
      }
    },
    "engine.io-client": {
      "version": "3.5.2",
      "resolved": "https://registry.npmjs.org/engine.io-client/-/engine.io-client-3.5.2.tgz",
      "integrity": "sha512-QEqIp+gJ/kMHeUun7f5Vv3bteRHppHH/FMBQX/esFj/fuYfjyUKWGMo3VCvIP/V8bE9KcjHmRZrhIz2Z9oNsDA==",
      "requires": {
        "component-emitter": "~1.3.0",
        "component-inherit": "0.0.3",
        "debug": "~3.1.0",
        "engine.io-parser": "~2.2.0",
        "has-cors": "1.1.0",
        "indexof": "0.0.1",
        "parseqs": "0.0.6",
        "parseuri": "0.0.6",
        "ws": "~7.4.2",
        "xmlhttprequest-ssl": "~1.6.2",
        "yeast": "0.1.2"
      }
    },
    "engine.io-parser": {
      "version": "2.2.1",
      "resolved": "https://registry.npmjs.org/engine.io-parser/-/engine.io-parser-2.2.1.tgz",
      "integrity": "sha512-x+dN/fBH8Ro8TFwJ+rkB2AmuVw9Yu2mockR/p3W8f8YtExwFgDvBDi0GWyb4ZLkpahtDGZgtr3zLovanJghPqg==",
      "requires": {
        "after": "0.8.2",
        "arraybuffer.slice": "~0.0.7",
        "base64-arraybuffer": "0.1.4",
        "blob": "0.0.5",
        "has-binary2": "~1.0.2"
      }
    },
    "has-binary2": {
      "version": "1.0.3",
      "resolved": "https://registry.npmjs.org/has-binary2/-/has-binary2-1.0.3.tgz",
      "integrity": "sha512-G1LWKhDSvhGeAQ8mPVQlqNcOB2sJdwATtZKl2pDKKHfpf/rYj24lkinxf69blJbnsvtqqNU+L3SL50vzZhXOnw==",
      "requires": {
        "isarray": "2.0.1"
      }
    },
    "has-cors": {
      "version": "1.1.0",
      "resolved": "https://registry.npmjs.org/has-cors/-/has-cors-1.1.0.tgz",
      "integrity": "sha1-XkdHk/fqmEPRu5nCPu9J/xJv/zk="
    },
    "has-flag": {
      "version": "4.0.0",
      "resolved": "https://registry.npmjs.org/has-flag/-/has-flag-4.0.0.tgz",
      "integrity": "sha512-EykJT/Q1KjTWctppgIAgfSO0tKVuZUjhgMr17kqTumMl6Afv3EISleU7qZUzoXDFTAHTDC4NOoG/ZxU3EvlMPQ=="
    },
    "indexof": {
      "version": "0.0.1",
      "resolved": "https://registry.npmjs.org/indexof/-/indexof-0.0.1.tgz",
      "integrity": "sha1-gtwzbSMrkGIXnQWrMpOmYFn9Q10="
    },
    "isarray": {
      "version": "2.0.1",
      "resolved": "https://registry.npmjs.org/isarray/-/isarray-2.0.1.tgz",
      "integrity": "sha1-o32U7ZzaLVmGXJ92/llu4fM4dB4="
    },
    "ms": {
      "version": "2.0.0",
      "resolved": "https://registry.npmjs.org/ms/-/ms-2.0.0.tgz",
      "integrity": "sha1-VgiurfwAvmwpAd9fmGF4jeDVl8g="
    },
    "node-fetch": {
      "version": "2.6.6",
      "resolved": "https://registry.npmjs.org/node-fetch/-/node-fetch-2.6.6.tgz",
      "integrity": "sha512-Z8/6vRlTUChSdIgMa51jxQ4lrw/Jy5SOW10ObaA47/RElsAN2c5Pn8bTgFGWn/ibwzXTE8qwr1Yzx28vsecXEA==",
      "requires": {
        "whatwg-url": "^5.0.0"
      }
    },
    "parseqs": {
      "version": "0.0.6",
      "resolved": "https://registry.npmjs.org/parseqs/-/parseqs-0.0.6.tgz",
      "integrity": "sha512-jeAGzMDbfSHHA091hr0r31eYfTig+29g3GKKE/PPbEQ65X0lmMwlEoqmhzu0iztID5uJpZsFlUPDP8ThPL7M8w=="
    },
    "parseuri": {
      "version": "0.0.6",
      "resolved": "https://registry.npmjs.org/parseuri/-/parseuri-0.0.6.tgz",
      "integrity": "sha512-AUjen8sAkGgao7UyCX6Ahv0gIK2fABKmYjvP4xmy5JaKvcbTRueIqIPHLAfq30xJddqSE033IOMUSOMCcK3Sow=="
    },
    "popper.js": {
      "version": "1.16.1",
      "resolved": "https://registry.npmjs.org/popper.js/-/popper.js-1.16.1.tgz",
      "integrity": "sha512-Wb4p1J4zyFTbM+u6WuO4XstYx4Ky9Cewe4DWrel7B0w6VVICvPwdOpotjzcf6eD8TsckVnIMNONQyPIUFOUbCQ=="
    },
    "portal-vue": {
      "version": "2.1.7",
      "resolved": "https://registry.npmjs.org/portal-vue/-/portal-vue-2.1.7.tgz",
      "integrity": "sha512-+yCno2oB3xA7irTt0EU5Ezw22L2J51uKAacE/6hMPMoO/mx3h4rXFkkBkT4GFsMDv/vEe8TNKC3ujJJ0PTwb6g=="
    },
    "socket.io-client": {
      "version": "2.4.0",
      "resolved": "https://registry.npmjs.org/socket.io-client/-/socket.io-client-2.4.0.tgz",
      "integrity": "sha512-M6xhnKQHuuZd4Ba9vltCLT9oa+YvTsP8j9NcEiLElfIg8KeYPyhWOes6x4t+LTAC8enQbE/995AdTem2uNyKKQ==",
      "requires": {
        "backo2": "1.0.2",
        "component-bind": "1.0.0",
        "component-emitter": "~1.3.0",
        "debug": "~3.1.0",
        "engine.io-client": "~3.5.0",
        "has-binary2": "~1.0.2",
        "indexof": "0.0.1",
        "parseqs": "0.0.6",
        "parseuri": "0.0.6",
        "socket.io-parser": "~3.3.0",
        "to-array": "0.1.4"
      }
    },
    "socket.io-parser": {
      "version": "3.3.2",
      "resolved": "https://registry.npmjs.org/socket.io-parser/-/socket.io-parser-3.3.2.tgz",
      "integrity": "sha512-FJvDBuOALxdCI9qwRrO/Rfp9yfndRtc1jSgVgV8FDraihmSP/MLGD5PEuJrNfjALvcQ+vMDM/33AWOYP/JSjDg==",
      "requires": {
        "component-emitter": "~1.3.0",
        "debug": "~3.1.0",
        "isarray": "2.0.1"
      }
    },
    "supports-color": {
      "version": "7.2.0",
      "resolved": "https://registry.npmjs.org/supports-color/-/supports-color-7.2.0.tgz",
      "integrity": "sha512-qpCAvRl9stuOHveKsn7HncJRvv501qIacKzQlO/+Lwxc9+0q2wLyv4Dfvt80/DPn2pqOBsJdDiogXGR9+OvwRw==",
      "requires": {
        "has-flag": "^4.0.0"
      }
    },
    "svg.draggable.js": {
      "version": "2.2.2",
      "resolved": "https://registry.npmjs.org/svg.draggable.js/-/svg.draggable.js-2.2.2.tgz",
      "integrity": "sha512-JzNHBc2fLQMzYCZ90KZHN2ohXL0BQJGQimK1kGk6AvSeibuKcIdDX9Kr0dT9+UJ5O8nYA0RB839Lhvk4CY4MZw==",
      "requires": {
        "svg.js": "^2.0.1"
      }
    },
    "svg.easing.js": {
      "version": "2.0.0",
      "resolved": "https://registry.npmjs.org/svg.easing.js/-/svg.easing.js-2.0.0.tgz",
      "integrity": "sha1-iqmUawqOJ4V6XEChDrpAkeVpHxI=",
      "requires": {
        "svg.js": ">=2.3.x"
      }
    },
    "svg.filter.js": {
      "version": "2.0.2",
      "resolved": "https://registry.npmjs.org/svg.filter.js/-/svg.filter.js-2.0.2.tgz",
      "integrity": "sha1-kQCOFROJ3ZIwd5/L5uLJo2LRwgM=",
      "requires": {
        "svg.js": "^2.2.5"
      }
    },
    "svg.js": {
      "version": "2.7.1",
      "resolved": "https://registry.npmjs.org/svg.js/-/svg.js-2.7.1.tgz",
      "integrity": "sha512-ycbxpizEQktk3FYvn/8BH+6/EuWXg7ZpQREJvgacqn46gIddG24tNNe4Son6omdXCnSOaApnpZw6MPCBA1dODA=="
    },
    "svg.pathmorphing.js": {
      "version": "0.1.3",
      "resolved": "https://registry.npmjs.org/svg.pathmorphing.js/-/svg.pathmorphing.js-0.1.3.tgz",
      "integrity": "sha512-49HWI9X4XQR/JG1qXkSDV8xViuTLIWm/B/7YuQELV5KMOPtXjiwH4XPJvr/ghEDibmLQ9Oc22dpWpG0vUDDNww==",
      "requires": {
        "svg.js": "^2.4.0"
      }
    },
    "svg.resize.js": {
      "version": "1.4.3",
      "resolved": "https://registry.npmjs.org/svg.resize.js/-/svg.resize.js-1.4.3.tgz",
      "integrity": "sha512-9k5sXJuPKp+mVzXNvxz7U0uC9oVMQrrf7cFsETznzUDDm0x8+77dtZkWdMfRlmbkEEYvUn9btKuZ3n41oNA+uw==",
      "requires": {
        "svg.js": "^2.6.5",
        "svg.select.js": "^2.1.2"
      },
      "dependencies": {
        "svg.select.js": {
          "version": "2.1.2",
          "resolved": "https://registry.npmjs.org/svg.select.js/-/svg.select.js-2.1.2.tgz",
          "integrity": "sha512-tH6ABEyJsAOVAhwcCjF8mw4crjXSI1aa7j2VQR8ZuJ37H2MBUbyeqYr5nEO7sSN3cy9AR9DUwNg0t/962HlDbQ==",
          "requires": {
            "svg.js": "^2.2.5"
          }
        }
      }
    },
    "svg.select.js": {
      "version": "3.0.1",
      "resolved": "https://registry.npmjs.org/svg.select.js/-/svg.select.js-3.0.1.tgz",
      "integrity": "sha512-h5IS/hKkuVCbKSieR9uQCj9w+zLHoPh+ce19bBYyqF53g6mnPB8sAtIbe1s9dh2S2fCmYX2xel1Ln3PJBbK4kw==",
      "requires": {
        "svg.js": "^2.6.5"
      }
    },
    "to-array": {
      "version": "0.1.4",
      "resolved": "https://registry.npmjs.org/to-array/-/to-array-0.1.4.tgz",
      "integrity": "sha1-F+bBH3PdTz10zaek/zI46a2b+JA="
    },
    "tr46": {
      "version": "0.0.3",
      "resolved": "https://registry.npmjs.org/tr46/-/tr46-0.0.3.tgz",
      "integrity": "sha1-gYT9NH2snNwYWZLzpmIuFLnZq2o="
    },
    "vue-apexcharts": {
      "version": "1.6.2",
      "resolved": "https://registry.npmjs.org/vue-apexcharts/-/vue-apexcharts-1.6.2.tgz",
      "integrity": "sha512-9HS3scJwWgKjmkcWIf+ndNDR0WytUJD8Ju0V2ZYcjYtlTLwJAf2SKUlBZaQTkDmwje/zMgulvZRi+MXmi+WkKw=="
    },
    "vue-functional-data-merge": {
      "version": "3.1.0",
      "resolved": "https://registry.npmjs.org/vue-functional-data-merge/-/vue-functional-data-merge-3.1.0.tgz",
      "integrity": "sha512-leT4kdJVQyeZNY1kmnS1xiUlQ9z1B/kdBFCILIjYYQDqZgLqCLa0UhjSSeRX6c3mUe6U5qYeM8LrEqkHJ1B4LA=="
    },
    "vue-socket.io": {
      "version": "3.0.10",
      "resolved": "https://registry.npmjs.org/vue-socket.io/-/vue-socket.io-3.0.10.tgz",
      "integrity": "sha512-XGYjD30Q9xAeHpBnp2SU+ljEe59qpGKaAQe4VOO9ezuly09MlzrT2ZZPJu3BVFpQwKdjQDz1I2fV9r4YjlZDCA==",
      "requires": {
        "socket.io-client": "^2.1.1"
      }
    },
    "webidl-conversions": {
      "version": "3.0.1",
      "resolved": "https://registry.npmjs.org/webidl-conversions/-/webidl-conversions-3.0.1.tgz",
      "integrity": "sha1-JFNCdeKnvGvnvIZhHMFq4KVlSHE="
    },
    "whatwg-url": {
      "version": "5.0.0",
      "resolved": "https://registry.npmjs.org/whatwg-url/-/whatwg-url-5.0.0.tgz",
      "integrity": "sha1-lmRU6HZUYuN2RNNib2dCzotwll0=",
      "requires": {
        "tr46": "~0.0.3",
        "webidl-conversions": "^3.0.0"
      }
    },
    "ws": {
      "version": "7.4.6",
      "resolved": "https://registry.npmjs.org/ws/-/ws-7.4.6.tgz",
      "integrity": "sha512-YmhHDO4MzaDLB+M9ym/mDA5z0naX8j7SIlT8f8z+I0VtzsRbekxEutHSme7NPS2qE8StCYQNUnfWdXta/Yu85A=="
    },
    "xmlhttprequest-ssl": {
      "version": "1.6.3",
      "resolved": "https://registry.npmjs.org/xmlhttprequest-ssl/-/xmlhttprequest-ssl-1.6.3.tgz",
      "integrity": "sha512-3XfeQE/wNkvrIktn2Kf0869fC0BN6UpydVasGIeSm2B1Llihf7/0UfZM+eCkOw3P7bP4+qPgqhm7ZoxuJtFU0Q=="
    },
    "yeast": {
      "version": "0.1.2",
      "resolved": "https://registry.npmjs.org/yeast/-/yeast-0.1.2.tgz",
      "integrity": "sha1-AI4G2AlDIMNy28L47XagymyKxBk="
    }
  }
}
